
Microsoft Visual Studio Solution File, Format Version 12.00
# Visual Studio Version 16
VisualStudioVersion = 16.0.30717.126
MinimumVisualStudioVersion = 10.0.40219.1
Project("{FAE04EC0-301F-11D3-BF4B-00C04F79EFBC}") = "racesmiths", "racesmiths.csproj", "{B3905D41-E875-4FE1-A90C-D3A96B6E5DB3}"
EndProject
Global
	GlobalSection(SolutionConfigurationPlatforms) = preSolution
		Debug|Any CPU = Debug|Any CPU
		Release|Any CPU = Release|Any CPU
	EndGlobalSection
	GlobalSection(ProjectConfigurationPlatforms) = postSolution
		{B3905D41-E875-4FE1-A90C-D3A96B6E5DB3}.Debug|Any CPU.ActiveCfg = Debug|Any CPU
		{B3905D41-E875-4FE1-A90C-D3A96B6E5DB3}.Debug|Any CPU.Build.0 = Debug|Any CPU
		{B3905D41-E875-4FE1-A90C-D3A96B6E5DB3}.Release|Any CPU.ActiveCfg = Release|Any CPU
		{B3905D41-E875-4FE1-A90C-D3A96B6E5DB3}.Release|Any CPU.Build.0 = Release|Any CPU
	EndGlobalSection
	GlobalSection(SolutionProperties) = preSolution
		HideSolutionNode = FALSE
	EndGlobalSection
	GlobalSection(ExtensibilityGlobals) = postSolution
		SolutionGuid = {11FFCA21-3CAE-45CE-B8D8-73185B6AEF1B}
	EndGlobalSection
EndGlobal
